
Microsoft Visual Studio Solution File, Format Version 12.00
# Visual Studio Version 17
VisualStudioVersion = 17.14.36811.4 d17.14
MinimumVisualStudioVersion = 10.0.40219.1
Project("{8BC9CEB8-8B4A-11D0-8D11-00A0C91BC942}") = "xlib_findEnv", "xlib_findEnv\xlib_findEnv.vcxproj", "{449B13BC-D114-4409-92E1-77F687D6EC41}"
EndProject
Project("{8BC9CEB8-8B4A-11D0-8D11-00A0C91BC942}") = "xdll_nextToken", "xdll_nextToken\xdll_nextToken.vcxproj", "{0C72F61E-5425-4A2E-BBA6-57FE6440BEE1}"
EndProject
Project("{8BC9CEB8-8B4A-11D0-8D11-00A0C91BC942}") = "main", "main\main.vcxproj", "{91DAC2DE-F959-4E77-8D0E-0A65E1EA10DD}"
EndProject
Global
	GlobalSection(SolutionConfigurationPlatforms) = preSolution
		Debug|x64 = Debug|x64
		Debug|x86 = Debug|x86
		Release|x64 = Release|x64
		Release|x86 = Release|x86
	EndGlobalSection
	GlobalSection(ProjectConfigurationPlatforms) = postSolution
		{449B13BC-D114-4409-92E1-77F687D6EC41}.Debug|x64.ActiveCfg = Debug|x64
		{449B13BC-D114-4409-92E1-77F687D6EC41}.Debug|x64.Build.0 = Debug|x64
		{449B13BC-D114-4409-92E1-77F687D6EC41}.Debug|x86.ActiveCfg = Debug|Win32
		{449B13BC-D114-4409-92E1-77F687D6EC41}.Debug|x86.Build.0 = Debug|Win32
		{449B13BC-D114-4409-92E1-77F687D6EC41}.Release|x64.ActiveCfg = Release|x64
		{449B13BC-D114-4409-92E1-77F687D6EC41}.Release|x64.Build.0 = Release|x64
		{449B13BC-D114-4409-92E1-77F687D6EC41}.Release|x86.ActiveCfg = Release|Win32
		{449B13BC-D114-4409-92E1-77F687D6EC41}.Release|x86.Build.0 = Release|Win32
		{0C72F61E-5425-4A2E-BBA6-57FE6440BEE1}.Debug|x64.ActiveCfg = Debug|x64
		{0C72F61E-5425-4A2E-BBA6-57FE6440BEE1}.Debug|x64.Build.0 = Debug|x64
		{0C72F61E-5425-4A2E-BBA6-57FE6440BEE1}.Debug|x86.ActiveCfg = Debug|Win32
		{0C72F61E-5425-4A2E-BBA6-57FE6440BEE1}.Debug|x86.Build.0 = Debug|Win32
		{0C72F61E-5425-4A2E-BBA6-57FE6440BEE1}.Release|x64.ActiveCfg = Release|x64
		{0C72F61E-5425-4A2E-BBA6-57FE6440BEE1}.Release|x64.Build.0 = Release|x64
		{0C72F61E-5425-4A2E-BBA6-57FE6440BEE1}.Release|x86.ActiveCfg = Release|Win32
		{0C72F61E-5425-4A2E-BBA6-57FE6440BEE1}.Release|x86.Build.0 = Release|Win32
		{91DAC2DE-F959-4E77-8D0E-0A65E1EA10DD}.Debug|x64.ActiveCfg = Debug|x64
		{91DAC2DE-F959-4E77-8D0E-0A65E1EA10DD}.Debug|x64.Build.0 = Debug|x64
		{91DAC2DE-F959-4E77-8D0E-0A65E1EA10DD}.Debug|x86.ActiveCfg = Debug|Win32
		{91DAC2DE-F959-4E77-8D0E-0A65E1EA10DD}.Debug|x86.Build.0 = Debug|Win32
		{91DAC2DE-F959-4E77-8D0E-0A65E1EA10DD}.Release|x64.ActiveCfg = Release|x64
		{91DAC2DE-F959-4E77-8D0E-0A65E1EA10DD}.Release|x64.Build.0 = Release|x64
		{91DAC2DE-F959-4E77-8D0E-0A65E1EA10DD}.Release|x86.ActiveCfg = Release|Win32
		{91DAC2DE-F959-4E77-8D0E-0A65E1EA10DD}.Release|x86.Build.0 = Release|Win32
	EndGlobalSection
	GlobalSection(SolutionProperties) = preSolution
		HideSolutionNode = FALSE
	EndGlobalSection
	GlobalSection(ExtensibilityGlobals) = postSolution
		SolutionGuid = {424EFAAF-5051-4261-BD33-BD0151DFB818}
	EndGlobalSection
EndGlobal
