
Microsoft Visual Studio Solution File, Format Version 12.00
# Visual Studio Version 17
VisualStudioVersion = 17.14.36518.9 d17.14
MinimumVisualStudioVersion = 10.0.40219.1
Project("{8BC9CEB8-8B4A-11D0-8D11-00A0C91BC942}") = "Lab2v2", "Lab2v2\Lab2v2.vcxproj", "{280DB321-E2C4-42E5-9313-F9B9B14682F2}"
EndProject
Global
	GlobalSection(SolutionConfigurationPlatforms) = preSolution
		Debug|x64 = Debug|x64
		Debug|x86 = Debug|x86
		Release|x64 = Release|x64
		Release|x86 = Release|x86
	EndGlobalSection
	GlobalSection(ProjectConfigurationPlatforms) = postSolution
		{280DB321-E2C4-42E5-9313-F9B9B14682F2}.Debug|x64.ActiveCfg = Debug|x64
		{280DB321-E2C4-42E5-9313-F9B9B14682F2}.Debug|x64.Build.0 = Debug|x64
		{280DB321-E2C4-42E5-9313-F9B9B14682F2}.Debug|x86.ActiveCfg = Debug|Win32
		{280DB321-E2C4-42E5-9313-F9B9B14682F2}.Debug|x86.Build.0 = Debug|Win32
		{280DB321-E2C4-42E5-9313-F9B9B14682F2}.Release|x64.ActiveCfg = Release|x64
		{280DB321-E2C4-42E5-9313-F9B9B14682F2}.Release|x64.Build.0 = Release|x64
		{280DB321-E2C4-42E5-9313-F9B9B14682F2}.Release|x86.ActiveCfg = Release|Win32
		{280DB321-E2C4-42E5-9313-F9B9B14682F2}.Release|x86.Build.0 = Release|Win32
	EndGlobalSection
	GlobalSection(SolutionProperties) = preSolution
		HideSolutionNode = FALSE
	EndGlobalSection
	GlobalSection(ExtensibilityGlobals) = postSolution
		SolutionGuid = {69E4CBF7-0B1D-4043-B457-5382E98463E6}
	EndGlobalSection
EndGlobal
